
Microsoft Visual Studio Solution File, Format Version 12.00
# Visual Studio 2013
VisualStudioVersion = 12.0.21005.1
MinimumVisualStudioVersion = 10.0.40219.1
Project("{FAE04EC0-301F-11D3-BF4B-00C04F79EFBC}") = "Personal_income_without_tax_calculator", "Personal_income_without_tax_calculator\Personal_income_without_tax_calculator.csproj", "{83115C13-7DEE-40A8-859D-BCF765539686}"
EndProject
Project("{FAE04EC0-301F-11D3-BF4B-00C04F79EFBC}") = "useDelegate", "useDelegate\useDelegate.csproj", "{8437FD29-2240-44FC-96F3-506CE4351549}"
EndProject
Project("{FAE04EC0-301F-11D3-BF4B-00C04F79EFBC}") = "FinalWork_FileRead", "FinalWork_FileRead\FinalWork_FileRead.csproj", "{ED437E46-BA2C-4563-8388-5C15716A55BD}"
EndProject
Global
	GlobalSection(SolutionConfigurationPlatforms) = preSolution
		Debug|Any CPU = Debug|Any CPU
		Release|Any CPU = Release|Any CPU
	EndGlobalSection
	GlobalSection(ProjectConfigurationPlatforms) = postSolution
		{83115C13-7DEE-40A8-859D-BCF765539686}.Debug|Any CPU.ActiveCfg = Debug|Any CPU
		{83115C13-7DEE-40A8-859D-BCF765539686}.Debug|Any CPU.Build.0 = Debug|Any CPU
		{83115C13-7DEE-40A8-859D-BCF765539686}.Release|Any CPU.ActiveCfg = Release|Any CPU
		{83115C13-7DEE-40A8-859D-BCF765539686}.Release|Any CPU.Build.0 = Release|Any CPU
		{8437FD29-2240-44FC-96F3-506CE4351549}.Debug|Any CPU.ActiveCfg = Debug|Any CPU
		{8437FD29-2240-44FC-96F3-506CE4351549}.Debug|Any CPU.Build.0 = Debug|Any CPU
		{8437FD29-2240-44FC-96F3-506CE4351549}.Release|Any CPU.ActiveCfg = Release|Any CPU
		{8437FD29-2240-44FC-96F3-506CE4351549}.Release|Any CPU.Build.0 = Release|Any CPU
		{ED437E46-BA2C-4563-8388-5C15716A55BD}.Debug|Any CPU.ActiveCfg = Debug|Any CPU
		{ED437E46-BA2C-4563-8388-5C15716A55BD}.Debug|Any CPU.Build.0 = Debug|Any CPU
		{ED437E46-BA2C-4563-8388-5C15716A55BD}.Release|Any CPU.ActiveCfg = Release|Any CPU
		{ED437E46-BA2C-4563-8388-5C15716A55BD}.Release|Any CPU.Build.0 = Release|Any CPU
	EndGlobalSection
	GlobalSection(SolutionProperties) = preSolution
		HideSolutionNode = FALSE
	EndGlobalSection
EndGlobal
