
Microsoft Visual Studio Solution File, Format Version 12.00
# Visual Studio 2013
VisualStudioVersion = 12.0.21005.1
MinimumVisualStudioVersion = 10.0.40219.1
Project("{FAE04EC0-301F-11D3-BF4B-00C04F79EFBC}") = "taxcaculate", "taxcaculate\taxcaculate.csproj", "{18A5B1A0-B1A4-47BB-90DB-3EFA47B3EFBF}"
EndProject
Global
	GlobalSection(SolutionConfigurationPlatforms) = preSolution
		Debug|Any CPU = Debug|Any CPU
		Release|Any CPU = Release|Any CPU
	EndGlobalSection
	GlobalSection(ProjectConfigurationPlatforms) = postSolution
		{18A5B1A0-B1A4-47BB-90DB-3EFA47B3EFBF}.Debug|Any CPU.ActiveCfg = Debug|Any CPU
		{18A5B1A0-B1A4-47BB-90DB-3EFA47B3EFBF}.Debug|Any CPU.Build.0 = Debug|Any CPU
		{18A5B1A0-B1A4-47BB-90DB-3EFA47B3EFBF}.Release|Any CPU.ActiveCfg = Release|Any CPU
		{18A5B1A0-B1A4-47BB-90DB-3EFA47B3EFBF}.Release|Any CPU.Build.0 = Release|Any CPU
	EndGlobalSection
	GlobalSection(SolutionProperties) = preSolution
		HideSolutionNode = FALSE
	EndGlobalSection
EndGlobal
