
Microsoft Visual Studio Solution File, Format Version 12.00
# Visual Studio 15
VisualStudioVersion = 15.0.28010.2046
MinimumVisualStudioVersion = 10.0.40219.1
Project("{FAE04EC0-301F-11D3-BF4B-00C04F79EFBC}") = "Delegate_Example2", "Delegate_Example2\Delegate_Example2.csproj", "{166FCD59-69F4-40F4-BA64-6A78305704AE}"
EndProject
Global
	GlobalSection(SolutionConfigurationPlatforms) = preSolution
		Debug|Any CPU = Debug|Any CPU
		Release|Any CPU = Release|Any CPU
	EndGlobalSection
	GlobalSection(ProjectConfigurationPlatforms) = postSolution
		{166FCD59-69F4-40F4-BA64-6A78305704AE}.Debug|Any CPU.ActiveCfg = Debug|Any CPU
		{166FCD59-69F4-40F4-BA64-6A78305704AE}.Debug|Any CPU.Build.0 = Debug|Any CPU
		{166FCD59-69F4-40F4-BA64-6A78305704AE}.Release|Any CPU.ActiveCfg = Release|Any CPU
		{166FCD59-69F4-40F4-BA64-6A78305704AE}.Release|Any CPU.Build.0 = Release|Any CPU
	EndGlobalSection
	GlobalSection(SolutionProperties) = preSolution
		HideSolutionNode = FALSE
	EndGlobalSection
	GlobalSection(ExtensibilityGlobals) = postSolution
		SolutionGuid = {08EB6D24-2EBC-48C6-BA76-108CBA7BB493}
	EndGlobalSection
EndGlobal
