
Microsoft Visual Studio Solution File, Format Version 12.00
# Visual Studio 15
VisualStudioVersion = 15.0.28010.2046
MinimumVisualStudioVersion = 10.0.40219.1
Project("{FAE04EC0-301F-11D3-BF4B-00C04F79EFBC}") = "Personal_tax_counting", "Personal_tax_counting\Personal_tax_counting.csproj", "{ABEB2F3F-C922-4B98-B824-416B42BF861F}"
EndProject
Global
	GlobalSection(SolutionConfigurationPlatforms) = preSolution
		Debug|Any CPU = Debug|Any CPU
		Release|Any CPU = Release|Any CPU
	EndGlobalSection
	GlobalSection(ProjectConfigurationPlatforms) = postSolution
		{ABEB2F3F-C922-4B98-B824-416B42BF861F}.Debug|Any CPU.ActiveCfg = Debug|Any CPU
		{ABEB2F3F-C922-4B98-B824-416B42BF861F}.Debug|Any CPU.Build.0 = Debug|Any CPU
		{ABEB2F3F-C922-4B98-B824-416B42BF861F}.Release|Any CPU.ActiveCfg = Release|Any CPU
		{ABEB2F3F-C922-4B98-B824-416B42BF861F}.Release|Any CPU.Build.0 = Release|Any CPU
	EndGlobalSection
	GlobalSection(SolutionProperties) = preSolution
		HideSolutionNode = FALSE
	EndGlobalSection
	GlobalSection(ExtensibilityGlobals) = postSolution
		SolutionGuid = {5B6FBDB6-23B8-4DC7-A9C9-D98A7B86784F}
	EndGlobalSection
EndGlobal
