
Microsoft Visual Studio Solution File, Format Version 12.00
# Visual Studio 2013
VisualStudioVersion = 12.0.21005.1
MinimumVisualStudioVersion = 10.0.40219.1
Project("{FAE04EC0-301F-11D3-BF4B-00C04F79EFBC}") = "Example 2", "Example 2\Example 2.csproj", "{F2A58D06-BD66-4F61-8B9D-25513DD431DC}"
EndProject
Global
	GlobalSection(SolutionConfigurationPlatforms) = preSolution
		Debug|Any CPU = Debug|Any CPU
		Release|Any CPU = Release|Any CPU
	EndGlobalSection
	GlobalSection(ProjectConfigurationPlatforms) = postSolution
		{F2A58D06-BD66-4F61-8B9D-25513DD431DC}.Debug|Any CPU.ActiveCfg = Debug|Any CPU
		{F2A58D06-BD66-4F61-8B9D-25513DD431DC}.Debug|Any CPU.Build.0 = Debug|Any CPU
		{F2A58D06-BD66-4F61-8B9D-25513DD431DC}.Release|Any CPU.ActiveCfg = Release|Any CPU
		{F2A58D06-BD66-4F61-8B9D-25513DD431DC}.Release|Any CPU.Build.0 = Release|Any CPU
	EndGlobalSection
	GlobalSection(SolutionProperties) = preSolution
		HideSolutionNode = FALSE
	EndGlobalSection
EndGlobal
